// !$*UTF8*$!
{
	archiveVersion = 1;
	classes = {
	};
	objectVersion = 51;
	objects = {

/* Begin PBXBuildFile section */
		3B1EABB22492C1B200A610CB /* CalendarMonth.swift in Sources */ = {isa = PBXBuildFile; fileRef = 3B1EABB12492C1B200A610CB /* CalendarMonth.swift */; };
		3B1EABC32492F9FB00A610CB /* User.swift in Sources */ = {isa = PBXBuildFile; fileRef = 3B1EABC22492F9FB00A610CB /* User.swift */; };
		3B1EABC52492FAA300A610CB /* UserViewModel.swift in Sources */ = {isa = PBXBuildFile; fileRef = 3B1EABC42492FAA300A610CB /* UserViewModel.swift */; };
		3B1EABC72492FD0D00A610CB /* ProfileView.swift in Sources */ = {isa = PBXBuildFile; fileRef = 3B1EABC62492FD0D00A610CB /* ProfileView.swift */; };
		3B1EABCA2494395800A610CB /* UserRepository.swift in Sources */ = {isa = PBXBuildFile; fileRef = 3B1EABC92494395800A610CB /* UserRepository.swift */; };
		3B1EABCC24943DE900A610CB /* Event.swift in Sources */ = {isa = PBXBuildFile; fileRef = 3B1EABCB24943DE900A610CB /* Event.swift */; };
		3B1EABCE24943EC200A610CB /* EventViewModel.swift in Sources */ = {isa = PBXBuildFile; fileRef = 3B1EABCD24943EC200A610CB /* EventViewModel.swift */; };
		3B1EABD024943EE700A610CB /* EventView.swift in Sources */ = {isa = PBXBuildFile; fileRef = 3B1EABCF24943EE700A610CB /* EventView.swift */; };
		3B1EABD224944F8000A610CB /* DayView.swift in Sources */ = {isa = PBXBuildFile; fileRef = 3B1EABD124944F8000A610CB /* DayView.swift */; };
		3B1EABD42494574C00A610CB /* DayEventsViewModel.swift in Sources */ = {isa = PBXBuildFile; fileRef = 3B1EABD32494574C00A610CB /* DayEventsViewModel.swift */; };
		3B70914E2481943C0007C1EF /* AppDelegate.swift in Sources */ = {isa = PBXBuildFile; fileRef = 3B70914D2481943C0007C1EF /* AppDelegate.swift */; };
		3B7091502481943C0007C1EF /* SceneDelegate.swift in Sources */ = {isa = PBXBuildFile; fileRef = 3B70914F2481943C0007C1EF /* SceneDelegate.swift */; };
		3B7091522481943C0007C1EF /* ContentView.swift in Sources */ = {isa = PBXBuildFile; fileRef = 3B7091512481943C0007C1EF /* ContentView.swift */; };
		3B7091542481943E0007C1EF /* Assets.xcassets in Resources */ = {isa = PBXBuildFile; fileRef = 3B7091532481943E0007C1EF /* Assets.xcassets */; };
		3B7091572481943E0007C1EF /* Preview Assets.xcassets in Resources */ = {isa = PBXBuildFile; fileRef = 3B7091562481943E0007C1EF /* Preview Assets.xcassets */; };
		3B70915A2481943E0007C1EF /* LaunchScreen.storyboard in Resources */ = {isa = PBXBuildFile; fileRef = 3B7091582481943E0007C1EF /* LaunchScreen.storyboard */; };
		3B7091652481943E0007C1EF /* PlanItTests.swift in Sources */ = {isa = PBXBuildFile; fileRef = 3B7091642481943E0007C1EF /* PlanItTests.swift */; };
		3B7091702481943E0007C1EF /* PlanItUITests.swift in Sources */ = {isa = PBXBuildFile; fileRef = 3B70916F2481943E0007C1EF /* PlanItUITests.swift */; };
		3B7991EE24901AF30003B302 /* GoogleService-Info.plist in Resources */ = {isa = PBXBuildFile; fileRef = 3B7991ED24901AF30003B302 /* GoogleService-Info.plist */; };
		3B7D140C2484485100E30EDF /* MonthView.swift in Sources */ = {isa = PBXBuildFile; fileRef = 3B7D140B2484485100E30EDF /* MonthView.swift */; };
		3B7D1414248718CA00E30EDF /* CalendarView.swift in Sources */ = {isa = PBXBuildFile; fileRef = 3B7D1413248718CA00E30EDF /* CalendarView.swift */; };
		3BB1F32924833A4E007E8E1E /* TaskStore.swift in Sources */ = {isa = PBXBuildFile; fileRef = 3BB1F32824833A4E007E8E1E /* TaskStore.swift */; };
		3BC406212481FD9B00EF74FF /* WeekdaysView.swift in Sources */ = {isa = PBXBuildFile; fileRef = 3BC406202481FD9B00EF74FF /* WeekdaysView.swift */; };
		3BC406272482174D00EF74FF /* CalendarMonthViewModel.swift in Sources */ = {isa = PBXBuildFile; fileRef = 3BC406262482174D00EF74FF /* CalendarMonthViewModel.swift */; };
		3BC4062924821DA100EF74FF /* ReminderDayView.swift in Sources */ = {isa = PBXBuildFile; fileRef = 3BC4062824821DA100EF74FF /* ReminderDayView.swift */; };
		53F8336B9C3F0E828918DC37 /* Pods_PlanItTests.framework in Frameworks */ = {isa = PBXBuildFile; fileRef = 1D3DD38F138B75FCF67AEE1A /* Pods_PlanItTests.framework */; };
		66DD3060FA4AA26E1FC134A1 /* Pods_PlanIt.framework in Frameworks */ = {isa = PBXBuildFile; fileRef = 47AE7F0F918325BF5249DD28 /* Pods_PlanIt.framework */; };
		E36F6A29DE748D213FC55805 /* Pods_PlanIt_PlanItUITests.framework in Frameworks */ = {isa = PBXBuildFile; fileRef = 968F4C0273114555A6A655D7 /* Pods_PlanIt_PlanItUITests.framework */; };
/* End PBXBuildFile section */

/* Begin PBXContainerItemProxy section */
		3B7091612481943E0007C1EF /* PBXContainerItemProxy */ = {
			isa = PBXContainerItemProxy;
			containerPortal = 3B7091422481943C0007C1EF /* Project object */;
			proxyType = 1;
			remoteGlobalIDString = 3B7091492481943C0007C1EF;
			remoteInfo = PlanIt;
		};
		3B70916C2481943E0007C1EF /* PBXContainerItemProxy */ = {
			isa = PBXContainerItemProxy;
			containerPortal = 3B7091422481943C0007C1EF /* Project object */;
			proxyType = 1;
			remoteGlobalIDString = 3B7091492481943C0007C1EF;
			remoteInfo = PlanIt;
		};
/* End PBXContainerItemProxy section */

/* Begin PBXFileReference section */
		176599E0DFB655CC44EBAD89 /* Pods-PlanIt.debug.xcconfig */ = {isa = PBXFileReference; includeInIndex = 1; lastKnownFileType = text.xcconfig; name = "Pods-PlanIt.debug.xcconfig"; path = "Target Support Files/Pods-PlanIt/Pods-PlanIt.debug.xcconfig"; sourceTree = "<group>"; };
		18813DD2B634027B19DDCD45 /* Pods-PlanIt-PlanItUITests.debug.xcconfig */ = {isa = PBXFileReference; includeInIndex = 1; lastKnownFileType = text.xcconfig; name = "Pods-PlanIt-PlanItUITests.debug.xcconfig"; path = "Target Support Files/Pods-PlanIt-PlanItUITests/Pods-PlanIt-PlanItUITests.debug.xcconfig"; sourceTree = "<group>"; };
		1D3DD38F138B75FCF67AEE1A /* Pods_PlanItTests.framework */ = {isa = PBXFileReference; explicitFileType = wrapper.framework; includeInIndex = 0; path = Pods_PlanItTests.framework; sourceTree = BUILT_PRODUCTS_DIR; };
		2812F8F9FA82A6F512EA3D51 /* Pods-PlanIt.release.xcconfig */ = {isa = PBXFileReference; includeInIndex = 1; lastKnownFileType = text.xcconfig; name = "Pods-PlanIt.release.xcconfig"; path = "Target Support Files/Pods-PlanIt/Pods-PlanIt.release.xcconfig"; sourceTree = "<group>"; };
		3B1EABB12492C1B200A610CB /* CalendarMonth.swift */ = {isa = PBXFileReference; lastKnownFileType = sourcecode.swift; path = CalendarMonth.swift; sourceTree = "<group>"; };
		3B1EABBF2492E0D600A610CB /* TrackableScrollView.app */ = {isa = PBXFileReference; explicitFileType = wrapper.application; path = TrackableScrollView.app; sourceTree = BUILT_PRODUCTS_DIR; };
		3B1EABC12492E10A00A610CB /* trackable-scroll-view */ = {isa = PBXFileReference; lastKnownFileType = folder; path = "trackable-scroll-view"; sourceTree = "<group>"; };
		3B1EABC22492F9FB00A610CB /* User.swift */ = {isa = PBXFileReference; lastKnownFileType = sourcecode.swift; path = User.swift; sourceTree = "<group>"; };
		3B1EABC42492FAA300A610CB /* UserViewModel.swift */ = {isa = PBXFileReference; lastKnownFileType = sourcecode.swift; path = UserViewModel.swift; sourceTree = "<group>"; };
		3B1EABC62492FD0D00A610CB /* ProfileView.swift */ = {isa = PBXFileReference; lastKnownFileType = sourcecode.swift; path = ProfileView.swift; sourceTree = "<group>"; };
		3B1EABC92494395800A610CB /* UserRepository.swift */ = {isa = PBXFileReference; lastKnownFileType = sourcecode.swift; path = UserRepository.swift; sourceTree = "<group>"; };
		3B1EABCB24943DE900A610CB /* Event.swift */ = {isa = PBXFileReference; lastKnownFileType = sourcecode.swift; path = Event.swift; sourceTree = "<group>"; };
		3B1EABCD24943EC200A610CB /* EventViewModel.swift */ = {isa = PBXFileReference; lastKnownFileType = sourcecode.swift; path = EventViewModel.swift; sourceTree = "<group>"; };
		3B1EABCF24943EE700A610CB /* EventView.swift */ = {isa = PBXFileReference; lastKnownFileType = sourcecode.swift; path = EventView.swift; sourceTree = "<group>"; };
		3B1EABD124944F8000A610CB /* DayView.swift */ = {isa = PBXFileReference; lastKnownFileType = sourcecode.swift; path = DayView.swift; sourceTree = "<group>"; };
		3B1EABD32494574C00A610CB /* DayEventsViewModel.swift */ = {isa = PBXFileReference; lastKnownFileType = sourcecode.swift; path = DayEventsViewModel.swift; sourceTree = "<group>"; };
		3B70914A2481943C0007C1EF /* PlanIt.app */ = {isa = PBXFileReference; explicitFileType = wrapper.application; includeInIndex = 0; path = PlanIt.app; sourceTree = BUILT_PRODUCTS_DIR; };
		3B70914D2481943C0007C1EF /* AppDelegate.swift */ = {isa = PBXFileReference; lastKnownFileType = sourcecode.swift; path = AppDelegate.swift; sourceTree = "<group>"; };
		3B70914F2481943C0007C1EF /* SceneDelegate.swift */ = {isa = PBXFileReference; lastKnownFileType = sourcecode.swift; path = SceneDelegate.swift; sourceTree = "<group>"; };
		3B7091512481943C0007C1EF /* ContentView.swift */ = {isa = PBXFileReference; lastKnownFileType = sourcecode.swift; path = ContentView.swift; sourceTree = "<group>"; };
		3B7091532481943E0007C1EF /* Assets.xcassets */ = {isa = PBXFileReference; lastKnownFileType = folder.assetcatalog; path = Assets.xcassets; sourceTree = "<group>"; };
		3B7091562481943E0007C1EF /* Preview Assets.xcassets */ = {isa = PBXFileReference; lastKnownFileType = folder.assetcatalog; path = "Preview Assets.xcassets"; sourceTree = "<group>"; };
		3B7091592481943E0007C1EF /* Base */ = {isa = PBXFileReference; lastKnownFileType = file.storyboard; name = Base; path = Base.lproj/LaunchScreen.storyboard; sourceTree = "<group>"; };
		3B70915B2481943E0007C1EF /* Info.plist */ = {isa = PBXFileReference; lastKnownFileType = text.plist.xml; path = Info.plist; sourceTree = "<group>"; };
		3B7091602481943E0007C1EF /* PlanItTests.xctest */ = {isa = PBXFileReference; explicitFileType = wrapper.cfbundle; includeInIndex = 0; path = PlanItTests.xctest; sourceTree = BUILT_PRODUCTS_DIR; };
		3B7091642481943E0007C1EF /* PlanItTests.swift */ = {isa = PBXFileReference; lastKnownFileType = sourcecode.swift; path = PlanItTests.swift; sourceTree = "<group>"; };
		3B7091662481943E0007C1EF /* Info.plist */ = {isa = PBXFileReference; lastKnownFileType = text.plist.xml; path = Info.plist; sourceTree = "<group>"; };
		3B70916B2481943E0007C1EF /* PlanItUITests.xctest */ = {isa = PBXFileReference; explicitFileType = wrapper.cfbundle; includeInIndex = 0; path = PlanItUITests.xctest; sourceTree = BUILT_PRODUCTS_DIR; };
		3B70916F2481943E0007C1EF /* PlanItUITests.swift */ = {isa = PBXFileReference; lastKnownFileType = sourcecode.swift; path = PlanItUITests.swift; sourceTree = "<group>"; };
		3B7091712481943E0007C1EF /* Info.plist */ = {isa = PBXFileReference; lastKnownFileType = text.plist.xml; path = Info.plist; sourceTree = "<group>"; };
		3B7991ED24901AF30003B302 /* GoogleService-Info.plist */ = {isa = PBXFileReference; fileEncoding = 4; lastKnownFileType = text.plist.xml; name = "GoogleService-Info.plist"; path = "../../../Downloads/GoogleService-Info.plist"; sourceTree = "<group>"; };
		3B7D140B2484485100E30EDF /* MonthView.swift */ = {isa = PBXFileReference; lastKnownFileType = sourcecode.swift; path = MonthView.swift; sourceTree = "<group>"; };
		3B7D1413248718CA00E30EDF /* CalendarView.swift */ = {isa = PBXFileReference; lastKnownFileType = sourcecode.swift; path = CalendarView.swift; sourceTree = "<group>"; };
		3BB1F32824833A4E007E8E1E /* TaskStore.swift */ = {isa = PBXFileReference; lastKnownFileType = sourcecode.swift; path = TaskStore.swift; sourceTree = "<group>"; };
		3BC406202481FD9B00EF74FF /* WeekdaysView.swift */ = {isa = PBXFileReference; lastKnownFileType = sourcecode.swift; path = WeekdaysView.swift; sourceTree = "<group>"; };
		3BC406262482174D00EF74FF /* CalendarMonthViewModel.swift */ = {isa = PBXFileReference; lastKnownFileType = sourcecode.swift; path = CalendarMonthViewModel.swift; sourceTree = "<group>"; };
		3BC4062824821DA100EF74FF /* ReminderDayView.swift */ = {isa = PBXFileReference; lastKnownFileType = sourcecode.swift; path = ReminderDayView.swift; sourceTree = "<group>"; };
		47AE7F0F918325BF5249DD28 /* Pods_PlanIt.framework */ = {isa = PBXFileReference; explicitFileType = wrapper.framework; includeInIndex = 0; path = Pods_PlanIt.framework; sourceTree = BUILT_PRODUCTS_DIR; };
		91B7BA77637FC86D39075257 /* Pods-PlanItTests.release.xcconfig */ = {isa = PBXFileReference; includeInIndex = 1; lastKnownFileType = text.xcconfig; name = "Pods-PlanItTests.release.xcconfig"; path = "Target Support Files/Pods-PlanItTests/Pods-PlanItTests.release.xcconfig"; sourceTree = "<group>"; };
		954A324AF40D77B9D2D789CA /* Pods-PlanIt-PlanItUITests.release.xcconfig */ = {isa = PBXFileReference; includeInIndex = 1; lastKnownFileType = text.xcconfig; name = "Pods-PlanIt-PlanItUITests.release.xcconfig"; path = "Target Support Files/Pods-PlanIt-PlanItUITests/Pods-PlanIt-PlanItUITests.release.xcconfig"; sourceTree = "<group>"; };
		968F4C0273114555A6A655D7 /* Pods_PlanIt_PlanItUITests.framework */ = {isa = PBXFileReference; explicitFileType = wrapper.framework; includeInIndex = 0; path = Pods_PlanIt_PlanItUITests.framework; sourceTree = BUILT_PRODUCTS_DIR; };
		DA2DE28BF5F3C789CA09A150 /* Pods-PlanItTests.debug.xcconfig */ = {isa = PBXFileReference; includeInIndex = 1; lastKnownFileType = text.xcconfig; name = "Pods-PlanItTests.debug.xcconfig"; path = "Target Support Files/Pods-PlanItTests/Pods-PlanItTests.debug.xcconfig"; sourceTree = "<group>"; };
/* End PBXFileReference section */

/* Begin PBXFrameworksBuildPhase section */
		3B7091472481943C0007C1EF /* Frameworks */ = {
			isa = PBXFrameworksBuildPhase;
			buildActionMask = 2147483647;
			files = (
				66DD3060FA4AA26E1FC134A1 /* Pods_PlanIt.framework in Frameworks */,
			);
			runOnlyForDeploymentPostprocessing = 0;
		};
		3B70915D2481943E0007C1EF /* Frameworks */ = {
			isa = PBXFrameworksBuildPhase;
			buildActionMask = 2147483647;
			files = (
				53F8336B9C3F0E828918DC37 /* Pods_PlanItTests.framework in Frameworks */,
			);
			runOnlyForDeploymentPostprocessing = 0;
		};
		3B7091682481943E0007C1EF /* Frameworks */ = {
			isa = PBXFrameworksBuildPhase;
			buildActionMask = 2147483647;
			files = (
				E36F6A29DE748D213FC55805 /* Pods_PlanIt_PlanItUITests.framework in Frameworks */,
			);
			runOnlyForDeploymentPostprocessing = 0;
		};
/* End PBXFrameworksBuildPhase section */

/* Begin PBXGroup section */
		3B1EABB02492C16100A610CB /* Models */ = {
			isa = PBXGroup;
			children = (
				3B1EABB12492C1B200A610CB /* CalendarMonth.swift */,
				3B1EABC22492F9FB00A610CB /* User.swift */,
				3B1EABCB24943DE900A610CB /* Event.swift */,
			);
			path = Models;
			sourceTree = "<group>";
		};
		3B1EABC82494392900A610CB /* Repositories */ = {
			isa = PBXGroup;
			children = (
				3B1EABC92494395800A610CB /* UserRepository.swift */,
			);
			path = Repositories;
			sourceTree = "<group>";
		};
		3B7091412481943C0007C1EF = {
			isa = PBXGroup;
			children = (
				3BB1F32824833A4E007E8E1E /* TaskStore.swift */,
				3B70914C2481943C0007C1EF /* PlanIt */,
				3B7091632481943E0007C1EF /* PlanItTests */,
				3B70916E2481943E0007C1EF /* PlanItUITests */,
				3B70914B2481943C0007C1EF /* Products */,
				A9AA6F441EA770545FBCB5BD /* Pods */,
				6C52983F1A1CB5E81DED3535 /* Frameworks */,
			);
			sourceTree = "<group>";
		};
		3B70914B2481943C0007C1EF /* Products */ = {
			isa = PBXGroup;
			children = (
				3B70914A2481943C0007C1EF /* PlanIt.app */,
				3B7091602481943E0007C1EF /* PlanItTests.xctest */,
				3B70916B2481943E0007C1EF /* PlanItUITests.xctest */,
			);
			name = Products;
			sourceTree = "<group>";
		};
		3B70914C2481943C0007C1EF /* PlanIt */ = {
			isa = PBXGroup;
			children = (
				3B70914D2481943C0007C1EF /* AppDelegate.swift */,
				3B70914F2481943C0007C1EF /* SceneDelegate.swift */,
				3B1EABC82494392900A610CB /* Repositories */,
				3B1EABB02492C16100A610CB /* Models */,
				3BED3DF224917F4200A3B586 /* ViewModels */,
				3BED3DF124917ED800A3B586 /* Views */,
				3BC406202481FD9B00EF74FF /* WeekdaysView.swift */,
				3BC4062824821DA100EF74FF /* ReminderDayView.swift */,
				3B7091532481943E0007C1EF /* Assets.xcassets */,
				3B7091582481943E0007C1EF /* LaunchScreen.storyboard */,
				3B70915B2481943E0007C1EF /* Info.plist */,
				3B7991ED24901AF30003B302 /* GoogleService-Info.plist */,
				3B7091552481943E0007C1EF /* Preview Content */,
			);
			path = PlanIt;
			sourceTree = "<group>";
		};
		3B7091552481943E0007C1EF /* Preview Content */ = {
			isa = PBXGroup;
			children = (
				3B7091562481943E0007C1EF /* Preview Assets.xcassets */,
			);
			path = "Preview Content";
			sourceTree = "<group>";
		};
		3B7091632481943E0007C1EF /* PlanItTests */ = {
			isa = PBXGroup;
			children = (
				3B7091642481943E0007C1EF /* PlanItTests.swift */,
				3B7091662481943E0007C1EF /* Info.plist */,
			);
			path = PlanItTests;
			sourceTree = "<group>";
		};
		3B70916E2481943E0007C1EF /* PlanItUITests */ = {
			isa = PBXGroup;
			children = (
				3B70916F2481943E0007C1EF /* PlanItUITests.swift */,
				3B7091712481943E0007C1EF /* Info.plist */,
			);
			path = PlanItUITests;
			sourceTree = "<group>";
		};
		3BED3DF124917ED800A3B586 /* Views */ = {
			isa = PBXGroup;
			children = (
				3B7091512481943C0007C1EF /* ContentView.swift */,
				3B1EABC62492FD0D00A610CB /* ProfileView.swift */,
				3B7D1413248718CA00E30EDF /* CalendarView.swift */,
				3B7D140B2484485100E30EDF /* MonthView.swift */,
				3B1EABCF24943EE700A610CB /* EventView.swift */,
				3B1EABD124944F8000A610CB /* DayView.swift */,
			);
			path = Views;
			sourceTree = "<group>";
		};
		3BED3DF224917F4200A3B586 /* ViewModels */ = {
			isa = PBXGroup;
			children = (
				3BC406262482174D00EF74FF /* CalendarMonthViewModel.swift */,
				3B1EABC42492FAA300A610CB /* UserViewModel.swift */,
				3B1EABCD24943EC200A610CB /* EventViewModel.swift */,
				3B1EABD32494574C00A610CB /* DayEventsViewModel.swift */,
			);
			path = ViewModels;
			sourceTree = "<group>";
		};
		6C52983F1A1CB5E81DED3535 /* Frameworks */ = {
			isa = PBXGroup;
			children = (
				3B1EABC12492E10A00A610CB /* trackable-scroll-view */,
				3B1EABBF2492E0D600A610CB /* TrackableScrollView.app */,
				47AE7F0F918325BF5249DD28 /* Pods_PlanIt.framework */,
				968F4C0273114555A6A655D7 /* Pods_PlanIt_PlanItUITests.framework */,
				1D3DD38F138B75FCF67AEE1A /* Pods_PlanItTests.framework */,
			);
			name = Frameworks;
			sourceTree = "<group>";
		};
		A9AA6F441EA770545FBCB5BD /* Pods */ = {
			isa = PBXGroup;
			children = (
				176599E0DFB655CC44EBAD89 /* Pods-PlanIt.debug.xcconfig */,
				2812F8F9FA82A6F512EA3D51 /* Pods-PlanIt.release.xcconfig */,
				18813DD2B634027B19DDCD45 /* Pods-PlanIt-PlanItUITests.debug.xcconfig */,
				954A324AF40D77B9D2D789CA /* Pods-PlanIt-PlanItUITests.release.xcconfig */,
				DA2DE28BF5F3C789CA09A150 /* Pods-PlanItTests.debug.xcconfig */,
				91B7BA77637FC86D39075257 /* Pods-PlanItTests.release.xcconfig */,
			);
			path = Pods;
			sourceTree = "<group>";
		};
/* End PBXGroup section */

/* Begin PBXNativeTarget section */
		3B7091492481943C0007C1EF /* PlanIt */ = {
			isa = PBXNativeTarget;
			buildConfigurationList = 3B7091742481943E0007C1EF /* Build configuration list for PBXNativeTarget "PlanIt" */;
			buildPhases = (
				60358137EF40FD7BD6389003 /* [CP] Check Pods Manifest.lock */,
				3B7091462481943C0007C1EF /* Sources */,
				3B7091472481943C0007C1EF /* Frameworks */,
				3B7091482481943C0007C1EF /* Resources */,
				260A218F59C212CADD7E8EEC /* [CP] Embed Pods Frameworks */,
			);
			buildRules = (
			);
			dependencies = (
			);
			name = PlanIt;
			productName = PlanIt;
			productReference = 3B70914A2481943C0007C1EF /* PlanIt.app */;
			productType = "com.apple.product-type.application";
		};
		3B70915F2481943E0007C1EF /* PlanItTests */ = {
			isa = PBXNativeTarget;
			buildConfigurationList = 3B7091772481943E0007C1EF /* Build configuration list for PBXNativeTarget "PlanItTests" */;
			buildPhases = (
				26B4794489195EEE6CF5A858 /* [CP] Check Pods Manifest.lock */,
				3B70915C2481943E0007C1EF /* Sources */,
				3B70915D2481943E0007C1EF /* Frameworks */,
				3B70915E2481943E0007C1EF /* Resources */,
			);
			buildRules = (
			);
			dependencies = (
				3B7091622481943E0007C1EF /* PBXTargetDependency */,
			);
			name = PlanItTests;
			productName = PlanItTests;
			productReference = 3B7091602481943E0007C1EF /* PlanItTests.xctest */;
			productType = "com.apple.product-type.bundle.unit-test";
		};
		3B70916A2481943E0007C1EF /* PlanItUITests */ = {
			isa = PBXNativeTarget;
			buildConfigurationList = 3B70917A2481943E0007C1EF /* Build configuration list for PBXNativeTarget "PlanItUITests" */;
			buildPhases = (
				4BF31B74101317AE8436A134 /* [CP] Check Pods Manifest.lock */,
				3B7091672481943E0007C1EF /* Sources */,
				3B7091682481943E0007C1EF /* Frameworks */,
				3B7091692481943E0007C1EF /* Resources */,
				57D90F9F5F49B6D510990BCD /* [CP] Embed Pods Frameworks */,
			);
			buildRules = (
			);
			dependencies = (
				3B70916D2481943E0007C1EF /* PBXTargetDependency */,
			);
			name = PlanItUITests;
			productName = PlanItUITests;
			productReference = 3B70916B2481943E0007C1EF /* PlanItUITests.xctest */;
			productType = "com.apple.product-type.bundle.ui-testing";
		};
/* End PBXNativeTarget section */

/* Begin PBXProject section */
		3B7091422481943C0007C1EF /* Project object */ = {
			isa = PBXProject;
			attributes = {
				LastSwiftUpdateCheck = 1150;
				LastUpgradeCheck = 1150;
				ORGANIZATIONNAME = "Helen Wang";
				TargetAttributes = {
					3B7091492481943C0007C1EF = {
						CreatedOnToolsVersion = 11.5;
					};
					3B70915F2481943E0007C1EF = {
						CreatedOnToolsVersion = 11.5;
						TestTargetID = 3B7091492481943C0007C1EF;
					};
					3B70916A2481943E0007C1EF = {
						CreatedOnToolsVersion = 11.5;
						TestTargetID = 3B7091492481943C0007C1EF;
					};
				};
			};
			buildConfigurationList = 3B7091452481943C0007C1EF /* Build configuration list for PBXProject "PlanIt" */;
			compatibilityVersion = "Xcode 9.3";
			developmentRegion = en;
			hasScannedForEncodings = 0;
			knownRegions = (
				en,
				Base,
			);
			mainGroup = 3B7091412481943C0007C1EF;
			productRefGroup = 3B70914B2481943C0007C1EF /* Products */;
			projectDirPath = "";
			projectRoot = "";
			targets = (
				3B7091492481943C0007C1EF /* PlanIt */,
				3B70915F2481943E0007C1EF /* PlanItTests */,
				3B70916A2481943E0007C1EF /* PlanItUITests */,
			);
		};
/* End PBXProject section */

/* Begin PBXResourcesBuildPhase section */
		3B7091482481943C0007C1EF /* Resources */ = {
			isa = PBXResourcesBuildPhase;
			buildActionMask = 2147483647;
			files = (
				3B70915A2481943E0007C1EF /* LaunchScreen.storyboard in Resources */,
				3B7991EE24901AF30003B302 /* GoogleService-Info.plist in Resources */,
				3B7091572481943E0007C1EF /* Preview Assets.xcassets in Resources */,
				3B7091542481943E0007C1EF /* Assets.xcassets in Resources */,
			);
			runOnlyForDeploymentPostprocessing = 0;
		};
		3B70915E2481943E0007C1EF /* Resources */ = {
			isa = PBXResourcesBuildPhase;
			buildActionMask = 2147483647;
			files = (
			);
			runOnlyForDeploymentPostprocessing = 0;
		};
		3B7091692481943E0007C1EF /* Resources */ = {
			isa = PBXResourcesBuildPhase;
			buildActionMask = 2147483647;
			files = (
			);
			runOnlyForDeploymentPostprocessing = 0;
		};
/* End PBXResourcesBuildPhase section */

/* Begin PBXShellScriptBuildPhase section */
		260A218F59C212CADD7E8EEC /* [CP] Embed Pods Frameworks */ = {
			isa = PBXShellScriptBuildPhase;
			buildActionMask = 2147483647;
			files = (
			);
			inputFileListPaths = (
				"${PODS_ROOT}/Target Support Files/Pods-PlanIt/Pods-PlanIt-frameworks-${CONFIGURATION}-input-files.xcfilelist",
			);
			name = "[CP] Embed Pods Frameworks";
			outputFileListPaths = (
				"${PODS_ROOT}/Target Support Files/Pods-PlanIt/Pods-PlanIt-frameworks-${CONFIGURATION}-output-files.xcfilelist",
			);
			runOnlyForDeploymentPostprocessing = 0;
			shellPath = /bin/sh;
			shellScript = "\"${PODS_ROOT}/Target Support Files/Pods-PlanIt/Pods-PlanIt-frameworks.sh\"\n";
			showEnvVarsInLog = 0;
		};
		26B4794489195EEE6CF5A858 /* [CP] Check Pods Manifest.lock */ = {
			isa = PBXShellScriptBuildPhase;
			buildActionMask = 2147483647;
			files = (
			);
			inputFileListPaths = (
			);
			inputPaths = (
				"${PODS_PODFILE_DIR_PATH}/Podfile.lock",
				"${PODS_ROOT}/Manifest.lock",
			);
			name = "[CP] Check Pods Manifest.lock";
			outputFileListPaths = (
			);
			outputPaths = (
				"$(DERIVED_FILE_DIR)/Pods-PlanItTests-checkManifestLockResult.txt",
			);
			runOnlyForDeploymentPostprocessing = 0;
			shellPath = /bin/sh;
			shellScript = "diff \"${PODS_PODFILE_DIR_PATH}/Podfile.lock\" \"${PODS_ROOT}/Manifest.lock\" > /dev/null\nif [ $? != 0 ] ; then\n    # print error to STDERR\n    echo \"error: The sandbox is not in sync with the Podfile.lock. Run 'pod install' or update your CocoaPods installation.\" >&2\n    exit 1\nfi\n# This output is used by Xcode 'outputs' to avoid re-running this script phase.\necho \"SUCCESS\" > \"${SCRIPT_OUTPUT_FILE_0}\"\n";
			showEnvVarsInLog = 0;
		};
		4BF31B74101317AE8436A134 /* [CP] Check Pods Manifest.lock */ = {
			isa = PBXShellScriptBuildPhase;
			buildActionMask = 2147483647;
			files = (
			);
			inputFileListPaths = (
			);
			inputPaths = (
				"${PODS_PODFILE_DIR_PATH}/Podfile.lock",
				"${PODS_ROOT}/Manifest.lock",
			);
			name = "[CP] Check Pods Manifest.lock";
			outputFileListPaths = (
			);
			outputPaths = (
				"$(DERIVED_FILE_DIR)/Pods-PlanIt-PlanItUITests-checkManifestLockResult.txt",
			);
			runOnlyForDeploymentPostprocessing = 0;
			shellPath = /bin/sh;
			shellScript = "diff \"${PODS_PODFILE_DIR_PATH}/Podfile.lock\" \"${PODS_ROOT}/Manifest.lock\" > /dev/null\nif [ $? != 0 ] ; then\n    # print error to STDERR\n    echo \"error: The sandbox is not in sync with the Podfile.lock. Run 'pod install' or update your CocoaPods installation.\" >&2\n    exit 1\nfi\n# This output is used by Xcode 'outputs' to avoid re-running this script phase.\necho \"SUCCESS\" > \"${SCRIPT_OUTPUT_FILE_0}\"\n";
			showEnvVarsInLog = 0;
		};
		57D90F9F5F49B6D510990BCD /* [CP] Embed Pods Frameworks */ = {
			isa = PBXShellScriptBuildPhase;
			buildActionMask = 2147483647;
			files = (
			);
			inputFileListPaths = (
				"${PODS_ROOT}/Target Support Files/Pods-PlanIt-PlanItUITests/Pods-PlanIt-PlanItUITests-frameworks-${CONFIGURATION}-input-files.xcfilelist",
			);
			name = "[CP] Embed Pods Frameworks";
			outputFileListPaths = (
				"${PODS_ROOT}/Target Support Files/Pods-PlanIt-PlanItUITests/Pods-PlanIt-PlanItUITests-frameworks-${CONFIGURATION}-output-files.xcfilelist",
			);
			runOnlyForDeploymentPostprocessing = 0;
			shellPath = /bin/sh;
			shellScript = "\"${PODS_ROOT}/Target Support Files/Pods-PlanIt-PlanItUITests/Pods-PlanIt-PlanItUITests-frameworks.sh\"\n";
			showEnvVarsInLog = 0;
		};
		60358137EF40FD7BD6389003 /* [CP] Check Pods Manifest.lock */ = {
			isa = PBXShellScriptBuildPhase;
			buildActionMask = 2147483647;
			files = (
			);
			inputFileListPaths = (
			);
			inputPaths = (
				"${PODS_PODFILE_DIR_PATH}/Podfile.lock",
				"${PODS_ROOT}/Manifest.lock",
			);
			name = "[CP] Check Pods Manifest.lock";
			outputFileListPaths = (
			);
			outputPaths = (
				"$(DERIVED_FILE_DIR)/Pods-PlanIt-checkManifestLockResult.txt",
			);
			runOnlyForDeploymentPostprocessing = 0;
			shellPath = /bin/sh;
			shellScript = "diff \"${PODS_PODFILE_DIR_PATH}/Podfile.lock\" \"${PODS_ROOT}/Manifest.lock\" > /dev/null\nif [ $? != 0 ] ; then\n    # print error to STDERR\n    echo \"error: The sandbox is not in sync with the Podfile.lock. Run 'pod install' or update your CocoaPods installation.\" >&2\n    exit 1\nfi\n# This output is used by Xcode 'outputs' to avoid re-running this script phase.\necho \"SUCCESS\" > \"${SCRIPT_OUTPUT_FILE_0}\"\n";
			showEnvVarsInLog = 0;
		};
/* End PBXShellScriptBuildPhase section */

/* Begin PBXSourcesBuildPhase section */
		3B7091462481943C0007C1EF /* Sources */ = {
			isa = PBXSourcesBuildPhase;
			buildActionMask = 2147483647;
			files = (
				3BC4062924821DA100EF74FF /* ReminderDayView.swift in Sources */,
				3B1EABB22492C1B200A610CB /* CalendarMonth.swift in Sources */,
				3B1EABD024943EE700A610CB /* EventView.swift in Sources */,
				3B1EABCE24943EC200A610CB /* EventViewModel.swift in Sources */,
				3BB1F32924833A4E007E8E1E /* TaskStore.swift in Sources */,
				3BC406212481FD9B00EF74FF /* WeekdaysView.swift in Sources */,
				3BC406272482174D00EF74FF /* CalendarMonthViewModel.swift in Sources */,
				3B7D1414248718CA00E30EDF /* CalendarView.swift in Sources */,
				3B70914E2481943C0007C1EF /* AppDelegate.swift in Sources */,
				3B1EABCC24943DE900A610CB /* Event.swift in Sources */,
				3B1EABCA2494395800A610CB /* UserRepository.swift in Sources */,
				3B1EABC32492F9FB00A610CB /* User.swift in Sources */,
				3B1EABC52492FAA300A610CB /* UserViewModel.swift in Sources */,
				3B7091502481943C0007C1EF /* SceneDelegate.swift in Sources */,
				3B7D140C2484485100E30EDF /* MonthView.swift in Sources */,
				3B1EABC72492FD0D00A610CB /* ProfileView.swift in Sources */,
				3B7091522481943C0007C1EF /* ContentView.swift in Sources */,
				3B1EABD42494574C00A610CB /* DayEventsViewModel.swift in Sources */,
				3B1EABD224944F8000A610CB /* DayView.swift in Sources */,
			);
			runOnlyForDeploymentPostprocessing = 0;
		};
		3B70915C2481943E0007C1EF /* Sources */ = {
			isa = PBXSourcesBuildPhase;
			buildActionMask = 2147483647;
			files = (
				3B7091652481943E0007C1EF /* PlanItTests.swift in Sources */,
			);
			runOnlyForDeploymentPostprocessing = 0;
		};
		3B7091672481943E0007C1EF /* Sources */ = {
			isa = PBXSourcesBuildPhase;
			buildActionMask = 2147483647;
			files = (
				3B7091702481943E0007C1EF /* PlanItUITests.swift in Sources */,
			);
			runOnlyForDeploymentPostprocessing = 0;
		};
/* End PBXSourcesBuildPhase section */

/* Begin PBXTargetDependency section */
		3B7091622481943E0007C1EF /* PBXTargetDependency */ = {
			isa = PBXTargetDependency;
			target = 3B7091492481943C0007C1EF /* PlanIt */;
			targetProxy = 3B7091612481943E0007C1EF /* PBXContainerItemProxy */;
		};
		3B70916D2481943E0007C1EF /* PBXTargetDependency */ = {
			isa = PBXTargetDependency;
			target = 3B7091492481943C0007C1EF /* PlanIt */;
			targetProxy = 3B70916C2481943E0007C1EF /* PBXContainerItemProxy */;
		};
/* End PBXTargetDependency section */

/* Begin PBXVariantGroup section */
		3B7091582481943E0007C1EF /* LaunchScreen.storyboard */ = {
			isa = PBXVariantGroup;
			children = (
				3B7091592481943E0007C1EF /* Base */,
			);
			name = LaunchScreen.storyboard;
			sourceTree = "<group>";
		};
/* End PBXVariantGroup section */

/* Begin XCBuildConfiguration section */
		3B7091722481943E0007C1EF /* Debug */ = {
			isa = XCBuildConfiguration;
			buildSettings = {
				ALWAYS_SEARCH_USER_PATHS = NO;
				CLANG_ANALYZER_NONNULL = YES;
				CLANG_ANALYZER_NUMBER_OBJECT_CONVERSION = YES_AGGRESSIVE;
				CLANG_CXX_LANGUAGE_STANDARD = "gnu++14";
				CLANG_CXX_LIBRARY = "libc++";
				CLANG_ENABLE_MODULES = YES;
				CLANG_ENABLE_OBJC_ARC = YES;
				CLANG_ENABLE_OBJC_WEAK = YES;
				CLANG_WARN_BLOCK_CAPTURE_AUTORELEASING = YES;
				CLANG_WARN_BOOL_CONVERSION = YES;
				CLANG_WARN_COMMA = YES;
				CLANG_WARN_CONSTANT_CONVERSION = YES;
				CLANG_WARN_DEPRECATED_OBJC_IMPLEMENTATIONS = YES;
				CLANG_WARN_DIRECT_OBJC_ISA_USAGE = YES_ERROR;
				CLANG_WARN_DOCUMENTATION_COMMENTS = YES;
				CLANG_WARN_EMPTY_BODY = YES;
				CLANG_WARN_ENUM_CONVERSION = YES;
				CLANG_WARN_INFINITE_RECURSION = YES;
				CLANG_WARN_INT_CONVERSION = YES;
				CLANG_WARN_NON_LITERAL_NULL_CONVERSION = YES;
				CLANG_WARN_OBJC_IMPLICIT_RETAIN_SELF = YES;
				CLANG_WARN_OBJC_LITERAL_CONVERSION = YES;
				CLANG_WARN_OBJC_ROOT_CLASS = YES_ERROR;
				CLANG_WARN_RANGE_LOOP_ANALYSIS = YES;
				CLANG_WARN_STRICT_PROTOTYPES = YES;
				CLANG_WARN_SUSPICIOUS_MOVE = YES;
				CLANG_WARN_UNGUARDED_AVAILABILITY = YES_AGGRESSIVE;
				CLANG_WARN_UNREACHABLE_CODE = YES;
				CLANG_WARN__DUPLICATE_METHOD_MATCH = YES;
				COPY_PHASE_STRIP = NO;
				DEBUG_INFORMATION_FORMAT = dwarf;
				ENABLE_STRICT_OBJC_MSGSEND = YES;
				ENABLE_TESTABILITY = YES;
				GCC_C_LANGUAGE_STANDARD = gnu11;
				GCC_DYNAMIC_NO_PIC = NO;
				GCC_NO_COMMON_BLOCKS = YES;
				GCC_OPTIMIZATION_LEVEL = 0;
				GCC_PREPROCESSOR_DEFINITIONS = (
					"DEBUG=1",
					"$(inherited)",
				);
				GCC_WARN_64_TO_32_BIT_CONVERSION = YES;
				GCC_WARN_ABOUT_RETURN_TYPE = YES_ERROR;
				GCC_WARN_UNDECLARED_SELECTOR = YES;
				GCC_WARN_UNINITIALIZED_AUTOS = YES_AGGRESSIVE;
				GCC_WARN_UNUSED_FUNCTION = YES;
				GCC_WARN_UNUSED_VARIABLE = YES;
				IPHONEOS_DEPLOYMENT_TARGET = 13.5;
				MTL_ENABLE_DEBUG_INFO = INCLUDE_SOURCE;
				MTL_FAST_MATH = YES;
				ONLY_ACTIVE_ARCH = YES;
				SDKROOT = iphoneos;
				SWIFT_ACTIVE_COMPILATION_CONDITIONS = DEBUG;
				SWIFT_OPTIMIZATION_LEVEL = "-Onone";
			};
			name = Debug;
		};
		3B7091732481943E0007C1EF /* Release */ = {
			isa = XCBuildConfiguration;
			buildSettings = {
				ALWAYS_SEARCH_USER_PATHS = NO;
				CLANG_ANALYZER_NONNULL = YES;
				CLANG_ANALYZER_NUMBER_OBJECT_CONVERSION = YES_AGGRESSIVE;
				CLANG_CXX_LANGUAGE_STANDARD = "gnu++14";
				CLANG_CXX_LIBRARY = "libc++";
				CLANG_ENABLE_MODULES = YES;
				CLANG_ENABLE_OBJC_ARC = YES;
				CLANG_ENABLE_OBJC_WEAK = YES;
				CLANG_WARN_BLOCK_CAPTURE_AUTORELEASING = YES;
				CLANG_WARN_BOOL_CONVERSION = YES;
				CLANG_WARN_COMMA = YES;
				CLANG_WARN_CONSTANT_CONVERSION = YES;
				CLANG_WARN_DEPRECATED_OBJC_IMPLEMENTATIONS = YES;
				CLANG_WARN_DIRECT_OBJC_ISA_USAGE = YES_ERROR;
				CLANG_WARN_DOCUMENTATION_COMMENTS = YES;
				CLANG_WARN_EMPTY_BODY = YES;
				CLANG_WARN_ENUM_CONVERSION = YES;
				CLANG_WARN_INFINITE_RECURSION = YES;
				CLANG_WARN_INT_CONVERSION = YES;
				CLANG_WARN_NON_LITERAL_NULL_CONVERSION = YES;
				CLANG_WARN_OBJC_IMPLICIT_RETAIN_SELF = YES;
				CLANG_WARN_OBJC_LITERAL_CONVERSION = YES;
				CLANG_WARN_OBJC_ROOT_CLASS = YES_ERROR;
				CLANG_WARN_RANGE_LOOP_ANALYSIS = YES;
				CLANG_WARN_STRICT_PROTOTYPES = YES;
				CLANG_WARN_SUSPICIOUS_MOVE = YES;
				CLANG_WARN_UNGUARDED_AVAILABILITY = YES_AGGRESSIVE;
				CLANG_WARN_UNREACHABLE_CODE = YES;
				CLANG_WARN__DUPLICATE_METHOD_MATCH = YES;
				COPY_PHASE_STRIP = NO;
				DEBUG_INFORMATION_FORMAT = "dwarf-with-dsym";
				ENABLE_NS_ASSERTIONS = NO;
				ENABLE_STRICT_OBJC_MSGSEND = YES;
				GCC_C_LANGUAGE_STANDARD = gnu11;
				GCC_NO_COMMON_BLOCKS = YES;
				GCC_WARN_64_TO_32_BIT_CONVERSION = YES;
				GCC_WARN_ABOUT_RETURN_TYPE = YES_ERROR;
				GCC_WARN_UNDECLARED_SELECTOR = YES;
				GCC_WARN_UNINITIALIZED_AUTOS = YES_AGGRESSIVE;
				GCC_WARN_UNUSED_FUNCTION = YES;
				GCC_WARN_UNUSED_VARIABLE = YES;
				IPHONEOS_DEPLOYMENT_TARGET = 13.5;
				MTL_ENABLE_DEBUG_INFO = NO;
				MTL_FAST_MATH = YES;
				SDKROOT = iphoneos;
				SWIFT_COMPILATION_MODE = wholemodule;
				SWIFT_OPTIMIZATION_LEVEL = "-O";
				VALIDATE_PRODUCT = YES;
			};
			name = Release;
		};
		3B7091752481943E0007C1EF /* Debug */ = {
			isa = XCBuildConfiguration;
			baseConfigurationReference = 176599E0DFB655CC44EBAD89 /* Pods-PlanIt.debug.xcconfig */;
			buildSettings = {
				ASSETCATALOG_COMPILER_APPICON_NAME = AppIcon;
				CODE_SIGN_STYLE = Automatic;
				DEVELOPMENT_ASSET_PATHS = "\"PlanIt/Preview Content\"";
				DEVELOPMENT_TEAM = KN3W55FM6Y;
				ENABLE_PREVIEWS = YES;
				INFOPLIST_FILE = PlanIt/Info.plist;
				LD_RUNPATH_SEARCH_PATHS = (
					"$(inherited)",
					"@executable_path/Frameworks",
				);
				PRODUCT_BUNDLE_IDENTIFIER = com.hwang.PlanIt;
				PRODUCT_NAME = "$(TARGET_NAME)";
				SWIFT_VERSION = 5.0;
				TARGETED_DEVICE_FAMILY = 1;
			};
			name = Debug;
		};
		3B7091762481943E0007C1EF /* Release */ = {
			isa = XCBuildConfiguration;
			baseConfigurationReference = 2812F8F9FA82A6F512EA3D51 /* Pods-PlanIt.release.xcconfig */;
			buildSettings = {
				ASSETCATALOG_COMPILER_APPICON_NAME = AppIcon;
				CODE_SIGN_STYLE = Automatic;
				DEVELOPMENT_ASSET_PATHS = "\"PlanIt/Preview Content\"";
				DEVELOPMENT_TEAM = KN3W55FM6Y;
				ENABLE_PREVIEWS = YES;
				INFOPLIST_FILE = PlanIt/Info.plist;
				LD_RUNPATH_SEARCH_PATHS = (
					"$(inherited)",
					"@executable_path/Frameworks",
				);
				PRODUCT_BUNDLE_IDENTIFIER = com.hwang.PlanIt;
				PRODUCT_NAME = "$(TARGET_NAME)";
				SWIFT_VERSION = 5.0;
				TARGETED_DEVICE_FAMILY = 1;
			};
			name = Release;
		};
		3B7091782481943E0007C1EF /* Debug */ = {
			isa = XCBuildConfiguration;
			baseConfigurationReference = DA2DE28BF5F3C789CA09A150 /* Pods-PlanItTests.debug.xcconfig */;
			buildSettings = {
				ALWAYS_EMBED_SWIFT_STANDARD_LIBRARIES = YES;
				BUNDLE_LOADER = "$(TEST_HOST)";
				CODE_SIGN_STYLE = Automatic;
				INFOPLIST_FILE = PlanItTests/Info.plist;
				IPHONEOS_DEPLOYMENT_TARGET = 13.5;
				LD_RUNPATH_SEARCH_PATHS = (
					"$(inherited)",
					"@executable_path/Frameworks",
					"@loader_path/Frameworks",
				);
				PRODUCT_BUNDLE_IDENTIFIER = hwang.PlanItTests;
				PRODUCT_NAME = "$(TARGET_NAME)";
				SWIFT_VERSION = 5.0;
				TARGETED_DEVICE_FAMILY = "1,2";
				TEST_HOST = "$(BUILT_PRODUCTS_DIR)/PlanIt.app/PlanIt";
			};
			name = Debug;
		};
		3B7091792481943E0007C1EF /* Release */ = {
			isa = XCBuildConfiguration;
			baseConfigurationReference = 91B7BA77637FC86D39075257 /* Pods-PlanItTests.release.xcconfig */;
			buildSettings = {
				ALWAYS_EMBED_SWIFT_STANDARD_LIBRARIES = YES;
				BUNDLE_LOADER = "$(TEST_HOST)";
				CODE_SIGN_STYLE = Automatic;
				INFOPLIST_FILE = PlanItTests/Info.plist;
				IPHONEOS_DEPLOYMENT_TARGET = 13.5;
				LD_RUNPATH_SEARCH_PATHS = (
					"$(inherited)",
					"@executable_path/Frameworks",
					"@loader_path/Frameworks",
				);
				PRODUCT_BUNDLE_IDENTIFIER = hwang.PlanItTests;
				PRODUCT_NAME = "$(TARGET_NAME)";
				SWIFT_VERSION = 5.0;
				TARGETED_DEVICE_FAMILY = "1,2";
				TEST_HOST = "$(BUILT_PRODUCTS_DIR)/PlanIt.app/PlanIt";
			};
			name = Release;
		};
		3B70917B2481943E0007C1EF /* Debug */ = {
			isa = XCBuildConfiguration;
			baseConfigurationReference = 18813DD2B634027B19DDCD45 /* Pods-PlanIt-PlanItUITests.debug.xcconfig */;
			buildSettings = {
				ALWAYS_EMBED_SWIFT_STANDARD_LIBRARIES = YES;
				CODE_SIGN_STYLE = Automatic;
				INFOPLIST_FILE = PlanItUITests/Info.plist;
				LD_RUNPATH_SEARCH_PATHS = (
					"$(inherited)",
					"@executable_path/Frameworks",
					"@loader_path/Frameworks",
				);
				PRODUCT_BUNDLE_IDENTIFIER = hwang.PlanItUITests;
				PRODUCT_NAME = "$(TARGET_NAME)";
				SWIFT_VERSION = 5.0;
				TARGETED_DEVICE_FAMILY = "1,2";
				TEST_TARGET_NAME = PlanIt;
			};
			name = Debug;
		};
		3B70917C2481943E0007C1EF /* Release */ = {
			isa = XCBuildConfiguration;
			baseConfigurationReference = 954A324AF40D77B9D2D789CA /* Pods-PlanIt-PlanItUITests.release.xcconfig */;
			buildSettings = {
				ALWAYS_EMBED_SWIFT_STANDARD_LIBRARIES = YES;
				CODE_SIGN_STYLE = Automatic;
				INFOPLIST_FILE = PlanItUITests/Info.plist;
				LD_RUNPATH_SEARCH_PATHS = (
					"$(inherited)",
					"@executable_path/Frameworks",
					"@loader_path/Frameworks",
				);
				PRODUCT_BUNDLE_IDENTIFIER = hwang.PlanItUITests;
				PRODUCT_NAME = "$(TARGET_NAME)";
				SWIFT_VERSION = 5.0;
				TARGETED_DEVICE_FAMILY = "1,2";
				TEST_TARGET_NAME = PlanIt;
			};
			name = Release;
		};
/* End XCBuildConfiguration section */

/* Begin XCConfigurationList section */
		3B7091452481943C0007C1EF /* Build configuration list for PBXProject "PlanIt" */ = {
			isa = XCConfigurationList;
			buildConfigurations = (
				3B7091722481943E0007C1EF /* Debug */,
				3B7091732481943E0007C1EF /* Release */,
			);
			defaultConfigurationIsVisible = 0;
			defaultConfigurationName = Release;
		};
		3B7091742481943E0007C1EF /* Build configuration list for PBXNativeTarget "PlanIt" */ = {
			isa = XCConfigurationList;
			buildConfigurations = (
				3B7091752481943E0007C1EF /* Debug */,
				3B7091762481943E0007C1EF /* Release */,
			);
			defaultConfigurationIsVisible = 0;
			defaultConfigurationName = Release;
		};
		3B7091772481943E0007C1EF /* Build configuration list for PBXNativeTarget "PlanItTests" */ = {
			isa = XCConfigurationList;
			buildConfigurations = (
				3B7091782481943E0007C1EF /* Debug */,
				3B7091792481943E0007C1EF /* Release */,
			);
			defaultConfigurationIsVisible = 0;
			defaultConfigurationName = Release;
		};
		3B70917A2481943E0007C1EF /* Build configuration list for PBXNativeTarget "PlanItUITests" */ = {
			isa = XCConfigurationList;
			buildConfigurations = (
				3B70917B2481943E0007C1EF /* Debug */,
				3B70917C2481943E0007C1EF /* Release */,
			);
			defaultConfigurationIsVisible = 0;
			defaultConfigurationName = Release;
		};
/* End XCConfigurationList section */
	};
	rootObject = 3B7091422481943C0007C1EF /* Project object */;
}
